github.com/patrickleboutillier/jcscpu/go v0.0.0-20200521022721-226698b01dce h1:rTO7YXwrJLrQIZV96ooblY8eeXPZ1Aou9F4C9zKOodM=
github.com/patrickleboutillier/jcscpu/go v0.0.0-20200521022721-226698b01dce/go.mod h1:DIjn4sIXyxjHF8WBybeIo5QwowLhknUOK7Onz8B4sAA=
gopkg.in/check.v1 v0.0.0-20161208181325-20d25e280405/go.mod h1:Co6ibVJAznAaIkqp8huTwlJQCZ016jof/cbN4VW5Yz0=
gopkg.in/yaml.v2 v2.3.0/go.mod h1:hI93XBmqTisBFMUTm0b8Fm+jr3Dg1NNxqwp+5A1VGuI=
